
Microsoft Visual Studio Solution File, Format Version 12.00
# Visual Studio Version 17
VisualStudioVersion = 17.6.33723.286
MinimumVisualStudioVersion = 10.0.40219.1
Project("{FAE04EC0-301F-11D3-BF4B-00C04F79EFBC}") = "PracticeApp", "PracticeApp\PracticeApp.csproj", "{79A7428A-ACD2-473A-9DCE-42D668632BF5}"
EndProject
Global
	GlobalSection(SolutionConfigurationPlatforms) = preSolution
		Debug|Any CPU = Debug|Any CPU
		Release|Any CPU = Release|Any CPU
	EndGlobalSection
	GlobalSection(ProjectConfigurationPlatforms) = postSolution
		{79A7428A-ACD2-473A-9DCE-42D668632BF5}.Debug|Any CPU.ActiveCfg = Debug|Any CPU
		{79A7428A-ACD2-473A-9DCE-42D668632BF5}.Debug|Any CPU.Build.0 = Debug|Any CPU
		{79A7428A-ACD2-473A-9DCE-42D668632BF5}.Release|Any CPU.ActiveCfg = Release|Any CPU
		{79A7428A-ACD2-473A-9DCE-42D668632BF5}.Release|Any CPU.Build.0 = Release|Any CPU
	EndGlobalSection
	GlobalSection(SolutionProperties) = preSolution
		HideSolutionNode = FALSE
	EndGlobalSection
	GlobalSection(ExtensibilityGlobals) = postSolution
		SolutionGuid = {0E7737BF-29D8-4AEE-97EE-87C53D54F7AD}
	EndGlobalSection
EndGlobal
